
Microsoft Visual Studio Solution File, Format Version 12.00
# Visual Studio Version 17
VisualStudioVersion = 17.11.35312.102
MinimumVisualStudioVersion = 10.0.40219.1
Project("{8BC9CEB8-8B4A-11D0-8D11-00A0C91BC942}") = "Task01", "Task01\Task01.vcxproj", "{3674AD5B-E6C4-4027-B6B8-93F9C479938C}"
EndProject
Global
	GlobalSection(SolutionConfigurationPlatforms) = preSolution
		Debug|x64 = Debug|x64
		Debug|x86 = Debug|x86
		Release|x64 = Release|x64
		Release|x86 = Release|x86
	EndGlobalSection
	GlobalSection(ProjectConfigurationPlatforms) = postSolution
		{3674AD5B-E6C4-4027-B6B8-93F9C479938C}.Debug|x64.ActiveCfg = Debug|x64
		{3674AD5B-E6C4-4027-B6B8-93F9C479938C}.Debug|x64.Build.0 = Debug|x64
		{3674AD5B-E6C4-4027-B6B8-93F9C479938C}.Debug|x86.ActiveCfg = Debug|Win32
		{3674AD5B-E6C4-4027-B6B8-93F9C479938C}.Debug|x86.Build.0 = Debug|Win32
		{3674AD5B-E6C4-4027-B6B8-93F9C479938C}.Release|x64.ActiveCfg = Release|x64
		{3674AD5B-E6C4-4027-B6B8-93F9C479938C}.Release|x64.Build.0 = Release|x64
		{3674AD5B-E6C4-4027-B6B8-93F9C479938C}.Release|x86.ActiveCfg = Release|Win32
		{3674AD5B-E6C4-4027-B6B8-93F9C479938C}.Release|x86.Build.0 = Release|Win32
	EndGlobalSection
	GlobalSection(SolutionProperties) = preSolution
		HideSolutionNode = FALSE
	EndGlobalSection
	GlobalSection(ExtensibilityGlobals) = postSolution
		SolutionGuid = {FB6DFEDC-9674-4331-B6FF-E4FCC3F26DBA}
	EndGlobalSection
EndGlobal
